{
  "name": "stemn-frontend-shared",
  "version": "1.0.0",
  "lockfileVersion": 1,
  "requires": true,
  "dependencies": {
    "@types/node": {
      "version": "10.5.4",
      "resolved": "https://registry.npmjs.org/@types/node/-/node-10.5.4.tgz",
      "integrity": "sha512-8TqvB0ReZWwtcd3LXq3YSrBoLyXFgBX/sBZfGye9+YS8zH7/g+i6QRIuiDmwBoTzcQ/pk89nZYTYU4c5akKkzw=="
    },
    "@types/react": {
      "version": "16.4.7",
      "resolved": "https://registry.npmjs.org/@types/react/-/react-16.4.7.tgz",
      "integrity": "sha512-tHpSs7HMyjnpyfzka1G0pYh7rBNdpwGgcIDT4vfV6jUaR69yOHo/vNH2H+d9iYHo9xnX4qDe7UalPe9HiGRkLw==",
      "requires": {
        "csstype": "2.5.6"
      }
    },
    "@types/react-dom": {
      "version": "16.0.6",
      "resolved": "https://registry.npmjs.org/@types/react-dom/-/react-dom-16.0.6.tgz",
      "integrity": "sha512-M+1zmwa5KxUpkCuxA4whlDJKYTGNvNQW4pIoCLH16xGbClicD9CzPry4y94kTjCCk/bJZCZ/GVqUsP7eKcO/mQ==",
      "requires": {
        "@types/node": "10.5.4",
        "@types/react": "16.4.7"
      }
    },
    "csstype": {
      "version": "2.5.6",
      "resolved": "https://registry.npmjs.org/csstype/-/csstype-2.5.6.tgz",
      "integrity": "sha512-tKPyhy0FmfYD2KQYXD5GzkvAYLYj96cMLXr648CKGd3wBe0QqoPipImjGiLze9c8leJK8J3n7ap90tpk3E6HGQ=="
    }
  }
}
